
Microsoft Visual Studio Solution File, Format Version 12.00
# Visual Studio 15
VisualStudioVersion = 15.0.26730.16
MinimumVisualStudioVersion = 10.0.40219.1
Project("{FAE04EC0-301F-11D3-BF4B-00C04F79EFBC}") = "ExtendingExtNet", "ExtendingExtNet\ExtendingExtNet.csproj", "{63D05EEA-0F34-45E1-976E-37071A23465A}"
EndProject
Project("{FAE04EC0-301F-11D3-BF4B-00C04F79EFBC}") = "ExtendingExtNet.Tests", "ExtendingExtNet.Tests\ExtendingExtNet.Tests.csproj", "{CEB1057E-5DDB-41FA-825B-09B46677182F}"
EndProject
Global
	GlobalSection(SolutionConfigurationPlatforms) = preSolution
		Debug|Any CPU = Debug|Any CPU
		Release|Any CPU = Release|Any CPU
	EndGlobalSection
	GlobalSection(ProjectConfigurationPlatforms) = postSolution
		{63D05EEA-0F34-45E1-976E-37071A23465A}.Debug|Any CPU.ActiveCfg = Debug|Any CPU
		{63D05EEA-0F34-45E1-976E-37071A23465A}.Debug|Any CPU.Build.0 = Debug|Any CPU
		{63D05EEA-0F34-45E1-976E-37071A23465A}.Release|Any CPU.ActiveCfg = Release|Any CPU
		{63D05EEA-0F34-45E1-976E-37071A23465A}.Release|Any CPU.Build.0 = Release|Any CPU
		{CEB1057E-5DDB-41FA-825B-09B46677182F}.Debug|Any CPU.ActiveCfg = Debug|Any CPU
		{CEB1057E-5DDB-41FA-825B-09B46677182F}.Debug|Any CPU.Build.0 = Debug|Any CPU
		{CEB1057E-5DDB-41FA-825B-09B46677182F}.Release|Any CPU.ActiveCfg = Release|Any CPU
		{CEB1057E-5DDB-41FA-825B-09B46677182F}.Release|Any CPU.Build.0 = Release|Any CPU
	EndGlobalSection
	GlobalSection(SolutionProperties) = preSolution
		HideSolutionNode = FALSE
	EndGlobalSection
	GlobalSection(ExtensibilityGlobals) = postSolution
		SolutionGuid = {307DF880-4C3A-4BAB-B9DB-A31DD14B176B}
	EndGlobalSection
EndGlobal
